
Microsoft Visual Studio Solution File, Format Version 12.00
# Visual Studio Version 17
VisualStudioVersion = 17.0.31903.59
MinimumVisualStudioVersion = 10.0.40219.1
Project("{2150E333-8FDC-42A3-9474-1A3956D46DE8}") = "Application", "Application", "{A74F262E-BDE7-D5D2-89E9-785413424D0A}"
EndProject
Project("{FAE04EC0-301F-11D3-BF4B-00C04F79EFBC}") = "SoftwareFactory.Application", "Application\SoftwareFactory.Application\SoftwareFactory.Application.csproj", "{7AE83357-B4B5-4F6F-B71D-3E7414C2A214}"
EndProject
Project("{2150E333-8FDC-42A3-9474-1A3956D46DE8}") = "Domain", "Domain", "{996CEBED-A05B-5D42-3FF0-982E087A2599}"
EndProject
Project("{FAE04EC0-301F-11D3-BF4B-00C04F79EFBC}") = "SoftwareFactory.Domain", "Domain\SoftwareFactory.Domain\SoftwareFactory.Domain.csproj", "{41DB53C9-E766-4648-AB88-1337BB82C907}"
EndProject
Project("{2150E333-8FDC-42A3-9474-1A3956D46DE8}") = "Infrastructure", "Infrastructure", "{DFEE68D8-A7D0-1A41-506C-9B74AA9A7B7B}"
EndProject
Project("{FAE04EC0-301F-11D3-BF4B-00C04F79EFBC}") = "SoftwareFactory.Infrastructure", "Infrastructure\SoftwareFactory.Infrastructure\SoftwareFactory.Infrastructure.csproj", "{7DCD64CE-A1DA-43B0-9487-BA829A7CB895}"
EndProject
Project("{2150E333-8FDC-42A3-9474-1A3956D46DE8}") = "Presentation", "Presentation", "{06CFFD70-14AA-A959-A3BA-1B15D094E3B1}"
EndProject
Project("{FAE04EC0-301F-11D3-BF4B-00C04F79EFBC}") = "SoftwareFactory.AgentRuntime", "Presentation\SoftwareFactory.AgentRuntime\SoftwareFactory.AgentRuntime.csproj", "{B4232E96-86D0-4A1C-92B0-176F6C4DBFB8}"
EndProject
Project("{FAE04EC0-301F-11D3-BF4B-00C04F79EFBC}") = "SoftwareFactory.Api", "Presentation\SoftwareFactory.Api\SoftwareFactory.Api.csproj", "{733F956D-7E09-43B5-A4AB-F8F4D13A1CA4}"
EndProject
Project("{2150E333-8FDC-42A3-9474-1A3956D46DE8}") = "Tests", "Tests", "{0AB3BF05-4346-4AA6-1389-037BE0695223}"
EndProject
Project("{FAE04EC0-301F-11D3-BF4B-00C04F79EFBC}") = "SoftwareFactory.Api.Tests", "Tests\SoftwareFactory.Api.Tests\SoftwareFactory.Api.Tests.csproj", "{30B82FDC-BBB0-47AA-B0F4-48880B983E14}"
EndProject
Project("{FAE04EC0-301F-11D3-BF4B-00C04F79EFBC}") = "SoftwareFactory.AgentRuntime.Tests", "Tests\SoftwareFactory.AgentRuntime.Tests\SoftwareFactory.AgentRuntime.Tests.csproj", "{3B7E2C41-9A55-4C0E-9C4F-2D1B8E7A6F11}"
EndProject
Project("{FAE04EC0-301F-11D3-BF4B-00C04F79EFBC}") = "SoftwareFactory.Application.Tests", "Tests\SoftwareFactory.Application.Tests\SoftwareFactory.Application.Tests.csproj", "{B6A7B2DA-C563-4BE1-917D-EA079903572E}"
EndProject
Project("{FAE04EC0-301F-11D3-BF4B-00C04F79EFBC}") = "SoftwareFactory.Domain.Tests", "Tests\SoftwareFactory.Domain.Tests\SoftwareFactory.Domain.Tests.csproj", "{08E46BAC-0883-402E-9921-5C1EF38523B3}"
EndProject
Project("{FAE04EC0-301F-11D3-BF4B-00C04F79EFBC}") = "SoftwareFactory.Infrastructure.Tests", "Tests\SoftwareFactory.Infrastructure.Tests\SoftwareFactory.Infrastructure.Tests.csproj", "{C6ADA3A8-2E3F-47FB-9335-25D087740219}"
EndProject
Project("{FAE04EC0-301F-11D3-BF4B-00C04F79EFBC}") = "SoftwareFactory.AppHost", "Presentation\SoftwareFactory.AppHost\SoftwareFactory.AppHost.csproj", "{0CA3CD41-6F04-45F6-8903-FAD9FAC4F76A}"
EndProject
Global
	GlobalSection(SolutionConfigurationPlatforms) = preSolution
		Debug|Any CPU = Debug|Any CPU
		Debug|x64 = Debug|x64
		Debug|x86 = Debug|x86
		Release|Any CPU = Release|Any CPU
		Release|x64 = Release|x64
		Release|x86 = Release|x86
	EndGlobalSection
	GlobalSection(ProjectConfigurationPlatforms) = postSolution
		{7AE83357-B4B5-4F6F-B71D-3E7414C2A214}.Debug|Any CPU.ActiveCfg = Debug|Any CPU
		{7AE83357-B4B5-4F6F-B71D-3E7414C2A214}.Debug|Any CPU.Build.0 = Debug|Any CPU
		{7AE83357-B4B5-4F6F-B71D-3E7414C2A214}.Debug|x64.ActiveCfg = Debug|Any CPU
		{7AE83357-B4B5-4F6F-B71D-3E7414C2A214}.Debug|x64.Build.0 = Debug|Any CPU
		{7AE83357-B4B5-4F6F-B71D-3E7414C2A214}.Debug|x86.ActiveCfg = Debug|Any CPU
		{7AE83357-B4B5-4F6F-B71D-3E7414C2A214}.Debug|x86.Build.0 = Debug|Any CPU
		{7AE83357-B4B5-4F6F-B71D-3E7414C2A214}.Release|Any CPU.ActiveCfg = Release|Any CPU
		{7AE83357-B4B5-4F6F-B71D-3E7414C2A214}.Release|Any CPU.Build.0 = Release|Any CPU
		{7AE83357-B4B5-4F6F-B71D-3E7414C2A214}.Release|x64.ActiveCfg = Release|Any CPU
		{7AE83357-B4B5-4F6F-B71D-3E7414C2A214}.Release|x64.Build.0 = Release|Any CPU
		{7AE83357-B4B5-4F6F-B71D-3E7414C2A214}.Release|x86.ActiveCfg = Release|Any CPU
		{7AE83357-B4B5-4F6F-B71D-3E7414C2A214}.Release|x86.Build.0 = Release|Any CPU
		{41DB53C9-E766-4648-AB88-1337BB82C907}.Debug|Any CPU.ActiveCfg = Debug|Any CPU
		{41DB53C9-E766-4648-AB88-1337BB82C907}.Debug|Any CPU.Build.0 = Debug|Any CPU
		{41DB53C9-E766-4648-AB88-1337BB82C907}.Debug|x64.ActiveCfg = Debug|Any CPU
		{41DB53C9-E766-4648-AB88-1337BB82C907}.Debug|x64.Build.0 = Debug|Any CPU
		{41DB53C9-E766-4648-AB88-1337BB82C907}.Debug|x86.ActiveCfg = Debug|Any CPU
		{41DB53C9-E766-4648-AB88-1337BB82C907}.Debug|x86.Build.0 = Debug|Any CPU
		{41DB53C9-E766-4648-AB88-1337BB82C907}.Release|Any CPU.ActiveCfg = Release|Any CPU
		{41DB53C9-E766-4648-AB88-1337BB82C907}.Release|Any CPU.Build.0 = Release|Any CPU
		{41DB53C9-E766-4648-AB88-1337BB82C907}.Release|x64.ActiveCfg = Release|Any CPU
		{41DB53C9-E766-4648-AB88-1337BB82C907}.Release|x64.Build.0 = Release|Any CPU
		{41DB53C9-E766-4648-AB88-1337BB82C907}.Release|x86.ActiveCfg = Release|Any CPU
		{41DB53C9-E766-4648-AB88-1337BB82C907}.Release|x86.Build.0 = Release|Any CPU
		{7DCD64CE-A1DA-43B0-9487-BA829A7CB895}.Debug|Any CPU.ActiveCfg = Debug|Any CPU
		{7DCD64CE-A1DA-43B0-9487-BA829A7CB895}.Debug|Any CPU.Build.0 = Debug|Any CPU
		{7DCD64CE-A1DA-43B0-9487-BA829A7CB895}.Debug|x64.ActiveCfg = Debug|Any CPU
		{7DCD64CE-A1DA-43B0-9487-BA829A7CB895}.Debug|x64.Build.0 = Debug|Any CPU
		{7DCD64CE-A1DA-43B0-9487-BA829A7CB895}.Debug|x86.ActiveCfg = Debug|Any CPU
		{7DCD64CE-A1DA-43B0-9487-BA829A7CB895}.Debug|x86.Build.0 = Debug|Any CPU
		{7DCD64CE-A1DA-43B0-9487-BA829A7CB895}.Release|Any CPU.ActiveCfg = Release|Any CPU
		{7DCD64CE-A1DA-43B0-9487-BA829A7CB895}.Release|Any CPU.Build.0 = Release|Any CPU
		{7DCD64CE-A1DA-43B0-9487-BA829A7CB895}.Release|x64.ActiveCfg = Release|Any CPU
		{7DCD64CE-A1DA-43B0-9487-BA829A7CB895}.Release|x64.Build.0 = Release|Any CPU
		{7DCD64CE-A1DA-43B0-9487-BA829A7CB895}.Release|x86.ActiveCfg = Release|Any CPU
		{7DCD64CE-A1DA-43B0-9487-BA829A7CB895}.Release|x86.Build.0 = Release|Any CPU
		{B4232E96-86D0-4A1C-92B0-176F6C4DBFB8}.Debug|Any CPU.ActiveCfg = Debug|Any CPU
		{B4232E96-86D0-4A1C-92B0-176F6C4DBFB8}.Debug|Any CPU.Build.0 = Debug|Any CPU
		{B4232E96-86D0-4A1C-92B0-176F6C4DBFB8}.Debug|x64.ActiveCfg = Debug|Any CPU
		{B4232E96-86D0-4A1C-92B0-176F6C4DBFB8}.Debug|x64.Build.0 = Debug|Any CPU
		{B4232E96-86D0-4A1C-92B0-176F6C4DBFB8}.Debug|x86.ActiveCfg = Debug|Any CPU
		{B4232E96-86D0-4A1C-92B0-176F6C4DBFB8}.Debug|x86.Build.0 = Debug|Any CPU
		{B4232E96-86D0-4A1C-92B0-176F6C4DBFB8}.Release|Any CPU.ActiveCfg = Release|Any CPU
		{B4232E96-86D0-4A1C-92B0-176F6C4DBFB8}.Release|Any CPU.Build.0 = Release|Any CPU
		{B4232E96-86D0-4A1C-92B0-176F6C4DBFB8}.Release|x64.ActiveCfg = Release|Any CPU
		{B4232E96-86D0-4A1C-92B0-176F6C4DBFB8}.Release|x64.Build.0 = Release|Any CPU
		{B4232E96-86D0-4A1C-92B0-176F6C4DBFB8}.Release|x86.ActiveCfg = Release|Any CPU
		{B4232E96-86D0-4A1C-92B0-176F6C4DBFB8}.Release|x86.Build.0 = Release|Any CPU
		{733F956D-7E09-43B5-A4AB-F8F4D13A1CA4}.Debug|Any CPU.ActiveCfg = Debug|Any CPU
		{733F956D-7E09-43B5-A4AB-F8F4D13A1CA4}.Debug|Any CPU.Build.0 = Debug|Any CPU
		{733F956D-7E09-43B5-A4AB-F8F4D13A1CA4}.Debug|x64.ActiveCfg = Debug|Any CPU
		{733F956D-7E09-43B5-A4AB-F8F4D13A1CA4}.Debug|x64.Build.0 = Debug|Any CPU
		{733F956D-7E09-43B5-A4AB-F8F4D13A1CA4}.Debug|x86.ActiveCfg = Debug|Any CPU
		{733F956D-7E09-43B5-A4AB-F8F4D13A1CA4}.Debug|x86.Build.0 = Debug|Any CPU
		{733F956D-7E09-43B5-A4AB-F8F4D13A1CA4}.Release|Any CPU.ActiveCfg = Release|Any CPU
		{733F956D-7E09-43B5-A4AB-F8F4D13A1CA4}.Release|Any CPU.Build.0 = Release|Any CPU
		{733F956D-7E09-43B5-A4AB-F8F4D13A1CA4}.Release|x64.ActiveCfg = Release|Any CPU
		{733F956D-7E09-43B5-A4AB-F8F4D13A1CA4}.Release|x64.Build.0 = Release|Any CPU
		{733F956D-7E09-43B5-A4AB-F8F4D13A1CA4}.Release|x86.ActiveCfg = Release|Any CPU
		{733F956D-7E09-43B5-A4AB-F8F4D13A1CA4}.Release|x86.Build.0 = Release|Any CPU
		{30B82FDC-BBB0-47AA-B0F4-48880B983E14}.Debug|Any CPU.ActiveCfg = Debug|Any CPU
		{30B82FDC-BBB0-47AA-B0F4-48880B983E14}.Debug|Any CPU.Build.0 = Debug|Any CPU
		{30B82FDC-BBB0-47AA-B0F4-48880B983E14}.Debug|x64.ActiveCfg = Debug|Any CPU
		{30B82FDC-BBB0-47AA-B0F4-48880B983E14}.Debug|x64.Build.0 = Debug|Any CPU
		{30B82FDC-BBB0-47AA-B0F4-48880B983E14}.Debug|x86.ActiveCfg = Debug|Any CPU
		{30B82FDC-BBB0-47AA-B0F4-48880B983E14}.Debug|x86.Build.0 = Debug|Any CPU
		{30B82FDC-BBB0-47AA-B0F4-48880B983E14}.Release|Any CPU.ActiveCfg = Release|Any CPU
		{30B82FDC-BBB0-47AA-B0F4-48880B983E14}.Release|Any CPU.Build.0 = Release|Any CPU
		{30B82FDC-BBB0-47AA-B0F4-48880B983E14}.Release|x64.ActiveCfg = Release|Any CPU
		{30B82FDC-BBB0-47AA-B0F4-48880B983E14}.Release|x64.Build.0 = Release|Any CPU
		{30B82FDC-BBB0-47AA-B0F4-48880B983E14}.Release|x86.ActiveCfg = Release|Any CPU
		{30B82FDC-BBB0-47AA-B0F4-48880B983E14}.Release|x86.Build.0 = Release|Any CPU
		{3B7E2C41-9A55-4C0E-9C4F-2D1B8E7A6F11}.Debug|Any CPU.ActiveCfg = Debug|Any CPU
		{3B7E2C41-9A55-4C0E-9C4F-2D1B8E7A6F11}.Debug|Any CPU.Build.0 = Debug|Any CPU
		{3B7E2C41-9A55-4C0E-9C4F-2D1B8E7A6F11}.Debug|x64.ActiveCfg = Debug|Any CPU
		{3B7E2C41-9A55-4C0E-9C4F-2D1B8E7A6F11}.Debug|x64.Build.0 = Debug|Any CPU
		{3B7E2C41-9A55-4C0E-9C4F-2D1B8E7A6F11}.Debug|x86.ActiveCfg = Debug|Any CPU
		{3B7E2C41-9A55-4C0E-9C4F-2D1B8E7A6F11}.Debug|x86.Build.0 = Debug|Any CPU
		{3B7E2C41-9A55-4C0E-9C4F-2D1B8E7A6F11}.Release|Any CPU.ActiveCfg = Release|Any CPU
		{3B7E2C41-9A55-4C0E-9C4F-2D1B8E7A6F11}.Release|Any CPU.Build.0 = Release|Any CPU
		{3B7E2C41-9A55-4C0E-9C4F-2D1B8E7A6F11}.Release|x64.ActiveCfg = Release|Any CPU
		{3B7E2C41-9A55-4C0E-9C4F-2D1B8E7A6F11}.Release|x64.Build.0 = Release|Any CPU
		{3B7E2C41-9A55-4C0E-9C4F-2D1B8E7A6F11}.Release|x86.ActiveCfg = Release|Any CPU
		{3B7E2C41-9A55-4C0E-9C4F-2D1B8E7A6F11}.Release|x86.Build.0 = Release|Any CPU
		{B6A7B2DA-C563-4BE1-917D-EA079903572E}.Debug|Any CPU.ActiveCfg = Debug|Any CPU
		{B6A7B2DA-C563-4BE1-917D-EA079903572E}.Debug|Any CPU.Build.0 = Debug|Any CPU
		{B6A7B2DA-C563-4BE1-917D-EA079903572E}.Debug|x64.ActiveCfg = Debug|Any CPU
		{B6A7B2DA-C563-4BE1-917D-EA079903572E}.Debug|x64.Build.0 = Debug|Any CPU
		{B6A7B2DA-C563-4BE1-917D-EA079903572E}.Debug|x86.ActiveCfg = Debug|Any CPU
		{B6A7B2DA-C563-4BE1-917D-EA079903572E}.Debug|x86.Build.0 = Debug|Any CPU
		{B6A7B2DA-C563-4BE1-917D-EA079903572E}.Release|Any CPU.ActiveCfg = Release|Any CPU
		{B6A7B2DA-C563-4BE1-917D-EA079903572E}.Release|Any CPU.Build.0 = Release|Any CPU
		{B6A7B2DA-C563-4BE1-917D-EA079903572E}.Release|x64.ActiveCfg = Release|Any CPU
		{B6A7B2DA-C563-4BE1-917D-EA079903572E}.Release|x64.Build.0 = Release|Any CPU
		{B6A7B2DA-C563-4BE1-917D-EA079903572E}.Release|x86.ActiveCfg = Release|Any CPU
		{B6A7B2DA-C563-4BE1-917D-EA079903572E}.Release|x86.Build.0 = Release|Any CPU
		{08E46BAC-0883-402E-9921-5C1EF38523B3}.Debug|Any CPU.ActiveCfg = Debug|Any CPU
		{08E46BAC-0883-402E-9921-5C1EF38523B3}.Debug|Any CPU.Build.0 = Debug|Any CPU
		{08E46BAC-0883-402E-9921-5C1EF38523B3}.Debug|x64.ActiveCfg = Debug|Any CPU
		{08E46BAC-0883-402E-9921-5C1EF38523B3}.Debug|x64.Build.0 = Debug|Any CPU
		{08E46BAC-0883-402E-9921-5C1EF38523B3}.Debug|x86.ActiveCfg = Debug|Any CPU
		{08E46BAC-0883-402E-9921-5C1EF38523B3}.Debug|x86.Build.0 = Debug|Any CPU
		{08E46BAC-0883-402E-9921-5C1EF38523B3}.Release|Any CPU.ActiveCfg = Release|Any CPU
		{08E46BAC-0883-402E-9921-5C1EF38523B3}.Release|Any CPU.Build.0 = Release|Any CPU
		{08E46BAC-0883-402E-9921-5C1EF38523B3}.Release|x64.ActiveCfg = Release|Any CPU
		{08E46BAC-0883-402E-9921-5C1EF38523B3}.Release|x64.Build.0 = Release|Any CPU
		{08E46BAC-0883-402E-9921-5C1EF38523B3}.Release|x86.ActiveCfg = Release|Any CPU
		{08E46BAC-0883-402E-9921-5C1EF38523B3}.Release|x86.Build.0 = Release|Any CPU
		{C6ADA3A8-2E3F-47FB-9335-25D087740219}.Debug|Any CPU.ActiveCfg = Debug|Any CPU
		{C6ADA3A8-2E3F-47FB-9335-25D087740219}.Debug|Any CPU.Build.0 = Debug|Any CPU
		{C6ADA3A8-2E3F-47FB-9335-25D087740219}.Debug|x64.ActiveCfg = Debug|Any CPU
		{C6ADA3A8-2E3F-47FB-9335-25D087740219}.Debug|x64.Build.0 = Debug|Any CPU
		{C6ADA3A8-2E3F-47FB-9335-25D087740219}.Debug|x86.ActiveCfg = Debug|Any CPU
		{C6ADA3A8-2E3F-47FB-9335-25D087740219}.Debug|x86.Build.0 = Debug|Any CPU
		{C6ADA3A8-2E3F-47FB-9335-25D087740219}.Release|Any CPU.ActiveCfg = Release|Any CPU
		{C6ADA3A8-2E3F-47FB-9335-25D087740219}.Release|Any CPU.Build.0 = Release|Any CPU
		{C6ADA3A8-2E3F-47FB-9335-25D087740219}.Release|x64.ActiveCfg = Release|Any CPU
		{C6ADA3A8-2E3F-47FB-9335-25D087740219}.Release|x64.Build.0 = Release|Any CPU
		{C6ADA3A8-2E3F-47FB-9335-25D087740219}.Release|x86.ActiveCfg = Release|Any CPU
		{C6ADA3A8-2E3F-47FB-9335-25D087740219}.Release|x86.Build.0 = Release|Any CPU
		{0CA3CD41-6F04-45F6-8903-FAD9FAC4F76A}.Debug|Any CPU.ActiveCfg = Debug|Any CPU
		{0CA3CD41-6F04-45F6-8903-FAD9FAC4F76A}.Debug|Any CPU.Build.0 = Debug|Any CPU
		{0CA3CD41-6F04-45F6-8903-FAD9FAC4F76A}.Debug|x64.ActiveCfg = Debug|Any CPU
		{0CA3CD41-6F04-45F6-8903-FAD9FAC4F76A}.Debug|x64.Build.0 = Debug|Any CPU
		{0CA3CD41-6F04-45F6-8903-FAD9FAC4F76A}.Debug|x86.ActiveCfg = Debug|Any CPU
		{0CA3CD41-6F04-45F6-8903-FAD9FAC4F76A}.Debug|x86.Build.0 = Debug|Any CPU
		{0CA3CD41-6F04-45F6-8903-FAD9FAC4F76A}.Release|Any CPU.ActiveCfg = Release|Any CPU
		{0CA3CD41-6F04-45F6-8903-FAD9FAC4F76A}.Release|Any CPU.Build.0 = Release|Any CPU
		{0CA3CD41-6F04-45F6-8903-FAD9FAC4F76A}.Release|x64.ActiveCfg = Release|Any CPU
		{0CA3CD41-6F04-45F6-8903-FAD9FAC4F76A}.Release|x64.Build.0 = Release|Any CPU
		{0CA3CD41-6F04-45F6-8903-FAD9FAC4F76A}.Release|x86.ActiveCfg = Release|Any CPU
		{0CA3CD41-6F04-45F6-8903-FAD9FAC4F76A}.Release|x86.Build.0 = Release|Any CPU
	EndGlobalSection
	GlobalSection(SolutionProperties) = preSolution
		HideSolutionNode = FALSE
	EndGlobalSection
	GlobalSection(NestedProjects) = preSolution
		{7AE83357-B4B5-4F6F-B71D-3E7414C2A214} = {A74F262E-BDE7-D5D2-89E9-785413424D0A}
		{41DB53C9-E766-4648-AB88-1337BB82C907} = {996CEBED-A05B-5D42-3FF0-982E087A2599}
		{7DCD64CE-A1DA-43B0-9487-BA829A7CB895} = {DFEE68D8-A7D0-1A41-506C-9B74AA9A7B7B}
		{B4232E96-86D0-4A1C-92B0-176F6C4DBFB8} = {06CFFD70-14AA-A959-A3BA-1B15D094E3B1}
		{733F956D-7E09-43B5-A4AB-F8F4D13A1CA4} = {06CFFD70-14AA-A959-A3BA-1B15D094E3B1}
		{30B82FDC-BBB0-47AA-B0F4-48880B983E14} = {0AB3BF05-4346-4AA6-1389-037BE0695223}
		{3B7E2C41-9A55-4C0E-9C4F-2D1B8E7A6F11} = {0AB3BF05-4346-4AA6-1389-037BE0695223}
		{B6A7B2DA-C563-4BE1-917D-EA079903572E} = {0AB3BF05-4346-4AA6-1389-037BE0695223}
		{08E46BAC-0883-402E-9921-5C1EF38523B3} = {0AB3BF05-4346-4AA6-1389-037BE0695223}
		{C6ADA3A8-2E3F-47FB-9335-25D087740219} = {0AB3BF05-4346-4AA6-1389-037BE0695223}
		{0CA3CD41-6F04-45F6-8903-FAD9FAC4F76A} = {06CFFD70-14AA-A959-A3BA-1B15D094E3B1}
	EndGlobalSection
EndGlobal
